
Microsoft Visual Studio Solution File, Format Version 12.00
# Visual Studio 15
VisualStudioVersion = 15.0.27004.2008
MinimumVisualStudioVersion = 10.0.40219.1
Project("{FAE04EC0-301F-11D3-BF4B-00C04F79EFBC}") = "GigHub", "GigHub\GigHub.csproj", "{B81502E6-1FAF-4950-BA8D-49D2F8281E46}"
EndProject
Project("{FAE04EC0-301F-11D3-BF4B-00C04F79EFBC}") = "GigHub.Test", "GigHub.Test\GigHub.Test.csproj", "{122262BF-AF18-4D56-AECB-AA31D5476DC0}"
EndProject
Project("{FAE04EC0-301F-11D3-BF4B-00C04F79EFBC}") = "GigHub.IntegrationTest", "GigHub.IntegrationTest\GigHub.IntegrationTest.csproj", "{8EDF4429-251A-416D-BB68-93F227191BCF}"
EndProject
Global
	GlobalSection(SolutionConfigurationPlatforms) = preSolution
		Debug|Any CPU = Debug|Any CPU
		Release|Any CPU = Release|Any CPU
	EndGlobalSection
	GlobalSection(ProjectConfigurationPlatforms) = postSolution
		{B81502E6-1FAF-4950-BA8D-49D2F8281E46}.Debug|Any CPU.ActiveCfg = Debug|Any CPU
		{B81502E6-1FAF-4950-BA8D-49D2F8281E46}.Debug|Any CPU.Build.0 = Debug|Any CPU
		{B81502E6-1FAF-4950-BA8D-49D2F8281E46}.Release|Any CPU.ActiveCfg = Release|Any CPU
		{B81502E6-1FAF-4950-BA8D-49D2F8281E46}.Release|Any CPU.Build.0 = Release|Any CPU
		{122262BF-AF18-4D56-AECB-AA31D5476DC0}.Debug|Any CPU.ActiveCfg = Debug|Any CPU
		{122262BF-AF18-4D56-AECB-AA31D5476DC0}.Debug|Any CPU.Build.0 = Debug|Any CPU
		{122262BF-AF18-4D56-AECB-AA31D5476DC0}.Release|Any CPU.ActiveCfg = Release|Any CPU
		{122262BF-AF18-4D56-AECB-AA31D5476DC0}.Release|Any CPU.Build.0 = Release|Any CPU
		{8EDF4429-251A-416D-BB68-93F227191BCF}.Debug|Any CPU.ActiveCfg = Debug|Any CPU
		{8EDF4429-251A-416D-BB68-93F227191BCF}.Debug|Any CPU.Build.0 = Debug|Any CPU
		{8EDF4429-251A-416D-BB68-93F227191BCF}.Release|Any CPU.ActiveCfg = Release|Any CPU
		{8EDF4429-251A-416D-BB68-93F227191BCF}.Release|Any CPU.Build.0 = Release|Any CPU
	EndGlobalSection
	GlobalSection(SolutionProperties) = preSolution
		HideSolutionNode = FALSE
	EndGlobalSection
	GlobalSection(ExtensibilityGlobals) = postSolution
		SolutionGuid = {7C166433-2FE7-4094-B9B5-6F60E591A050}
	EndGlobalSection
EndGlobal
